Microsoft Visual Studio Solution File, Format Version 12.00
# Visual Studio Version 17
VisualStudioVersion = 17.5.2.0
MinimumVisualStudioVersion = 10.0.40219.1
Project("{FAE04EC0-301F-11D3-BF4B-00C04F79EFBC}") = "GestaoClientes.API", "GestaoClientes.API\GestaoClientes.API.csproj", "{65C997CE-D19F-0DB2-E263-999D640E3042}"
EndProject
Global
	GlobalSection(SolutionConfigurationPlatforms) = preSolution
		Debug|Any CPU = Debug|Any CPU
		Release|Any CPU = Release|Any CPU
	EndGlobalSection
	GlobalSection(ProjectConfigurationPlatforms) = postSolution
		{65C997CE-D19F-0DB2-E263-999D640E3042}.Debug|Any CPU.ActiveCfg = Debug|Any CPU
		{65C997CE-D19F-0DB2-E263-999D640E3042}.Debug|Any CPU.Build.0 = Debug|Any CPU
		{65C997CE-D19F-0DB2-E263-999D640E3042}.Release|Any CPU.ActiveCfg = Release|Any CPU
		{65C997CE-D19F-0DB2-E263-999D640E3042}.Release|Any CPU.Build.0 = Release|Any CPU
	EndGlobalSection
	GlobalSection(SolutionProperties) = preSolution
		HideSolutionNode = FALSE
	EndGlobalSection
	GlobalSection(ExtensibilityGlobals) = postSolution
		SolutionGuid = {B803DF75-2A8D-46EE-BDFA-4DDB390A6B21}
	EndGlobalSection
EndGlobal
